
Microsoft Visual Studio Solution File, Format Version 10.00
# Visual Studio 2008
Project("{FAE04EC0-301F-11D3-BF4B-00C04F79EFBC}") = "Autoprofile", "Autoprofile\Autoprofile.csproj", "{4B7C0B96-B4DF-4FD4-8203-FDFF5A2E6396}"
EndProject
Project("{54435603-DBB4-11D2-8724-00A0C9A8B90C}") = "Autoprofile Setup", "Autoprofile Setup\Autoprofile Setup.vdproj", "{72CFE712-752D-4824-9353-B907C50D7136}"
EndProject
Global
	GlobalSection(SolutionConfigurationPlatforms) = preSolution
		Debug|Any CPU = Debug|Any CPU
		Release|Any CPU = Release|Any CPU
	EndGlobalSection
	GlobalSection(ProjectConfigurationPlatforms) = postSolution
		{4B7C0B96-B4DF-4FD4-8203-FDFF5A2E6396}.Debug|Any CPU.ActiveCfg = Debug|Any CPU
		{4B7C0B96-B4DF-4FD4-8203-FDFF5A2E6396}.Debug|Any CPU.Build.0 = Debug|Any CPU
		{4B7C0B96-B4DF-4FD4-8203-FDFF5A2E6396}.Release|Any CPU.ActiveCfg = Release|Any CPU
		{4B7C0B96-B4DF-4FD4-8203-FDFF5A2E6396}.Release|Any CPU.Build.0 = Release|Any CPU
		{72CFE712-752D-4824-9353-B907C50D7136}.Debug|Any CPU.ActiveCfg = Debug
		{72CFE712-752D-4824-9353-B907C50D7136}.Release|Any CPU.ActiveCfg = Release
	EndGlobalSection
	GlobalSection(SolutionProperties) = preSolution
		HideSolutionNode = FALSE
	EndGlobalSection
EndGlobal
